<?xml version="1.0" encoding="utf-8"?>
<Project ToolsVersion="4.0" xmlns="http://schemas.microsoft.com/developer/msbuild/2003">
  <ItemGroup>
    <Filter Include="ソース ファイル">
      <UniqueIdentifier>{4FC737F1-C7A5-4376-A066-2A32D752A2FF}</UniqueIdentifier>
      <Extensions>cpp;c;cc;cxx;c++;cppm;ixx;def;odl;idl;hpj;bat;asm;asmx</Extensions>
    </Filter>
    <Filter Include="ヘッダー ファイル">
      <UniqueIdentifier>{93995380-89BD-4b04-88EB-625FBE52EBFB}</UniqueIdentifier>
      <Extensions>h;hh;hpp;hxx;h++;hm;inl;inc;ipp;xsd</Extensions>
    </Filter>
    <Filter Include="リソース ファイル">
      <UniqueIdentifier>{67DA6AB6-F800-4c08-8B7A-83BB121AAD01}</UniqueIdentifier>
      <Extensions>rc;ico;cur;bmp;dlg;rc2;rct;bin;rgs;gif;jpg;jpeg;jpe;resx;tiff;tif;png;wav;mfcribbon-ms</Extensions>
    </Filter>
  </ItemGroup>
  <ItemGroup>
    <ClCompile Include="AppMain.cpp">
      <Filter>ソース ファイル</Filter>
    </ClCompile>
    <ClCompile Include="Utility\InputControl.cpp">
      <Filter>ソース ファイル</Filter>
    </ClCompile>
    <ClCompile Include="Utility\Vector2D.cpp">
      <Filter>ソース ファイル</Filter>
    </ClCompile>
    <ClCompile Include="Objects\GameObject.cpp">
      <Filter>ソース ファイル</Filter>
    </ClCompile>
    <ClCompile Include="Objects\Enemy\Enemy.cpp">
      <Filter>ソース ファイル</Filter>
    </ClCompile>
    <ClCompile Include="Scene\Scene.cpp">
      <Filter>ソース ファイル</Filter>
    </ClCompile>
  </ItemGroup>
  <ItemGroup>
    <Image Include="Resource\Images\Enemy\E_Bullet\eff1.png">
      <Filter>リソース ファイル</Filter>
    </Image>
    <Image Include="Resource\Images\Enemy\E_Bullet\eff2.png">
      <Filter>リソース ファイル</Filter>
    </Image>
    <Image Include="Resource\Images\Enemy\E_Bullet\eff3.png">
      <Filter>リソース ファイル</Filter>
    </Image>
    <Image Include="Resource\Images\Enemy\gold\1 %281%29.png">
      <Filter>リソース ファイル</Filter>
    </Image>
    <Image Include="Resource\Images\Enemy\gold\5.png">
      <Filter>リソース ファイル</Filter>
    </Image>
    <Image Include="Resource\Images\Enemy\gold\3.png">
      <Filter>リソース ファイル</Filter>
    </Image>
    <Image Include="Resource\Images\Enemy\gold\2.png">
      <Filter>リソース ファイル</Filter>
    </Image>
    <Image Include="Resource\Images\Enemy\gold\4.png">
      <Filter>リソース ファイル</Filter>
    </Image>
    <Image Include="Resource\Images\Enemy\hane\1.png">
      <Filter>リソース ファイル</Filter>
    </Image>
    <Image Include="Resource\Images\Enemy\hane\2.png">
      <Filter>リソース ファイル</Filter>
    </Image>
    <Image Include="Resource\Images\Enemy\harpy\1.png">
      <Filter>リソース ファイル</Filter>
    </Image>
    <Image Include="Resource\Images\Enemy\harpy\2.png">
      <Filter>リソース ファイル</Filter>
    </Image>
    <Image Include="Resource\Images\Enemy\hako\2.png">
      <Filter>リソース ファイル</Filter>
    </Image>
    <Image Include="Resource\Images\Enemy\hako\1.png">
      <Filter>リソース ファイル</Filter>
    </Image>
    <Image Include="Resource\Images\Enemy\E_Bullet\1 %281%29.png">
      <Filter>リソース ファイル</Filter>
    </Image>
    <Image Include="Resource\Images\Player\P_Bullet\1.png">
      <Filter>リソース ファイル</Filter>
    </Image>
    <Image Include="Resource\Images\Player\P_Bullet\2.png">
      <Filter>リソース ファイル</Filter>
    </Image>
    <Image Include="Resource\Images\Player\P_Bullet\3.png">
      <Filter>リソース ファイル</Filter>
    </Image>
    <Image Include="Resource\Images\Player\P_Bullet\爆弾.png">
      <Filter>リソース ファイル</Filter>
    </Image>
    <Image Include="Resource\Images\Player\飛ぶ1.png">
      <Filter>リソース ファイル</Filter>
    </Image>
    <Image Include="Resource\Images\Player\飛ぶ2.png">
      <Filter>リソース ファイル</Filter>
    </Image>
    <Image Include="Resource\Images\result\BAD.png">
      <Filter>リソース ファイル</Filter>
    </Image>
    <Image Include="Resource\Images\result\OK.png">
      <Filter>リソース ファイル</Filter>
    </Image>
    <Image Include="Resource\Images\result\Perfect.png">
      <Filter>リソース ファイル</Filter>
    </Image>
    <Image Include="Resource\Images\result\GOOD.png">
      <Filter>リソース ファイル</Filter>
    </Image>
    <Image Include="Resource\Images\Stage\背景2.png">
      <Filter>リソース ファイル</Filter>
    </Image>
    <Image Include="Resource\Images\timer\timer-03.png">
      <Filter>リソース ファイル</Filter>
    </Image>
  </ItemGroup>
  <ItemGroup>
    <None Include="Resource\Images\number\0.svg" />
    <None Include="Resource\Images\number\1.svg" />
    <None Include="Resource\Images\number\2.svg" />
    <None Include="Resource\Images\number\3.svg" />
    <None Include="Resource\Images\number\5.svg" />
    <None Include="Resource\Images\number\4.svg" />
    <None Include="Resource\Images\number\6.svg" />
    <None Include="Resource\Images\number\8.svg" />
    <None Include="Resource\Images\number\9.svg" />
    <None Include="Resource\Images\number\7.svg" />
    <None Include="Resource\Images\number\フライテキスト.sprite3" />
    <None Include="Resource\Images\result\Finish.svg" />
    <None Include="Resource\Images\score\font-21.svg" />
    <None Include="Resource\Images\score\hs.svg" />
    <None Include="Resource\sounds\Enemy\gold\金のテキ.sprite3" />
  </ItemGroup>
  <ItemGroup>
    <Media Include="Resource\sounds\Enemy\E_Bullet\bishi.wav">
      <Filter>リソース ファイル</Filter>
    </Media>
    <Media Include="Resource\sounds\Enemy\hako\Boss_gahee.wav">
      <Filter>リソース ファイル</Filter>
    </Media>
    <Media Include="Resource\sounds\Enemy\hane\teki_gahee.wav">
      <Filter>リソース ファイル</Filter>
    </Media>
    <Media Include="Resource\sounds\Enemy\harpy\pokan.wav">
      <Filter>リソース ファイル</Filter>
    </Media>
    <Media Include="Resource\sounds\Player\P_Bullet\explosion.wav">
      <Filter>リソース ファイル</Filter>
    </Media>
    <Media Include="Resource\sounds\Player\P_Bullet\pan.wav">
      <Filter>リソース ファイル</Filter>
    </Media>
    <Media Include="Resource\sounds\Player\P_Bullet\ポップ.wav">
      <Filter>リソース ファイル</Filter>
    </Media>
    <Media Include="Resource\sounds\Player\ニャー.wav">
      <Filter>リソース ファイル</Filter>
    </Media>
    <Media Include="Resource\sounds\Result\BGM_arrows.wav">
      <Filter>リソース ファイル</Filter>
    </Media>
    <Media Include="Resource\sounds\Result\BGM_timeup.wav">
      <Filter>リソース ファイル</Filter>
    </Media>
    <Media Include="Resource\sounds\Result\SE_good.wav">
      <Filter>リソース ファイル</Filter>
    </Media>
    <Media Include="Resource\sounds\Result\SE_bad.wav">
      <Filter>リソース ファイル</Filter>
    </Media>
    <Media Include="Resource\sounds\Result\SE_perfect.wav">
      <Filter>リソース ファイル</Filter>
    </Media>
    <Media Include="Resource\sounds\Result\SE_ok.wav">
      <Filter>リソース ファイル</Filter>
    </Media>
    <Media Include="Resource\sounds\Stage\ポップ.wav">
      <Filter>リソース ファイル</Filter>
    </Media>
  </ItemGroup>
  <ItemGroup>
    <ClInclude Include="Utility\InputControl.h">
      <Filter>ヘッダー ファイル</Filter>
    </ClInclude>
    <ClInclude Include="Utility\Vector2D.h">
      <Filter>ヘッダー ファイル</Filter>
    </ClInclude>
    <ClInclude Include="Objects\GameObject.h">
      <Filter>ヘッダー ファイル</Filter>
    </ClInclude>
    <ClInclude Include="Objects\Enemy\Enemy.h">
      <Filter>ヘッダー ファイル</Filter>
    </ClInclude>
    <ClInclude Include="Scene\Scene.h">
      <Filter>ヘッダー ファイル</Filter>
    </ClInclude>
  </ItemGroup>
</Project>